
Microsoft Visual Studio Solution File, Format Version 12.00
# Visual Studio Version 17
VisualStudioVersion = 17.2.32630.192
MinimumVisualStudioVersion = 10.0.40219.1
Project("{8BC9CEB8-8B4A-11D0-8D11-00A0C91BC942}") = "Simple 2D game engine", "Simple 2D game engine\Simple 2D game engine.vcxproj", "{E7107D24-A52B-46CD-9B2A-7BAC3325390F}"
EndProject
Global
	GlobalSection(SolutionConfigurationPlatforms) = preSolution
		Debug|x64 = Debug|x64
		Debug|x86 = Debug|x86
		Release|x64 = Release|x64
		Release|x86 = Release|x86
	EndGlobalSection
	GlobalSection(ProjectConfigurationPlatforms) = postSolution
		{E7107D24-A52B-46CD-9B2A-7BAC3325390F}.Debug|x64.ActiveCfg = Debug|x64
		{E7107D24-A52B-46CD-9B2A-7BAC3325390F}.Debug|x64.Build.0 = Debug|x64
		{E7107D24-A52B-46CD-9B2A-7BAC3325390F}.Debug|x86.ActiveCfg = Debug|Win32
		{E7107D24-A52B-46CD-9B2A-7BAC3325390F}.Debug|x86.Build.0 = Debug|Win32
		{E7107D24-A52B-46CD-9B2A-7BAC3325390F}.Release|x64.ActiveCfg = Release|x64
		{E7107D24-A52B-46CD-9B2A-7BAC3325390F}.Release|x64.Build.0 = Release|x64
		{E7107D24-A52B-46CD-9B2A-7BAC3325390F}.Release|x86.ActiveCfg = Release|Win32
		{E7107D24-A52B-46CD-9B2A-7BAC3325390F}.Release|x86.Build.0 = Release|Win32
	EndGlobalSection
	GlobalSection(SolutionProperties) = preSolution
		HideSolutionNode = FALSE
	EndGlobalSection
	GlobalSection(ExtensibilityGlobals) = postSolution
		SolutionGuid = {8E182236-6025-46EF-AD88-F5E9820CAA2D}
	EndGlobalSection
EndGlobal
